
Microsoft Visual Studio Solution File, Format Version 12.00
# Visual Studio Version 17
VisualStudioVersion = 17.3.32901.215
MinimumVisualStudioVersion = 10.0.40219.1
Project("{FAE04EC0-301F-11D3-BF4B-00C04F79EFBC}") = "uygulama-11", "uygulama-11\uygulama-11.csproj", "{F929CAD0-CD7D-45C9-B156-F1631A5DA0BE}"
EndProject
Global
	GlobalSection(SolutionConfigurationPlatforms) = preSolution
		Debug|Any CPU = Debug|Any CPU
		Release|Any CPU = Release|Any CPU
	EndGlobalSection
	GlobalSection(ProjectConfigurationPlatforms) = postSolution
		{F929CAD0-CD7D-45C9-B156-F1631A5DA0BE}.Debug|Any CPU.ActiveCfg = Debug|Any CPU
		{F929CAD0-CD7D-45C9-B156-F1631A5DA0BE}.Debug|Any CPU.Build.0 = Debug|Any CPU
		{F929CAD0-CD7D-45C9-B156-F1631A5DA0BE}.Release|Any CPU.ActiveCfg = Release|Any CPU
		{F929CAD0-CD7D-45C9-B156-F1631A5DA0BE}.Release|Any CPU.Build.0 = Release|Any CPU
	EndGlobalSection
	GlobalSection(SolutionProperties) = preSolution
		HideSolutionNode = FALSE
	EndGlobalSection
	GlobalSection(ExtensibilityGlobals) = postSolution
		SolutionGuid = {74C63EAE-672D-407B-AFC7-DF4B1F2870F1}
	EndGlobalSection
EndGlobal
